
Microsoft Visual Studio Solution File, Format Version 12.00
# Visual Studio 14
VisualStudioVersion = 14.0.25123.0
MinimumVisualStudioVersion = 10.0.40219.1
Project("{FAE04EC0-301F-11D3-BF4B-00C04F79EFBC}") = "NARA.Droid", "NARA\NARA.Droid\NARA.Droid.csproj", "{607F6A10-EE6C-40A2-96A0-81149DB6B3E0}"
EndProject
Project("{FAE04EC0-301F-11D3-BF4B-00C04F79EFBC}") = "NARA.iOS", "NARA\NARA.iOS\NARA.iOS.csproj", "{56D1C0E5-8045-4497-88B8-7A441761E613}"
EndProject
Project("{FAE04EC0-301F-11D3-BF4B-00C04F79EFBC}") = "NARA.WinPhone", "NARA\NARA.WinPhone\NARA.WinPhone.csproj", "{CDB626BC-0E75-4376-8281-CDEC269276FB}"
EndProject
Project("{FAE04EC0-301F-11D3-BF4B-00C04F79EFBC}") = "NARA.Windows", "NARA\NARA.Windows\NARA.Windows.csproj", "{8A316995-19BE-4A6A-A178-03A944039C16}"
EndProject
Project("{FAE04EC0-301F-11D3-BF4B-00C04F79EFBC}") = "NARA", "NARA\NARA\NARA.csproj", "{0F661DC5-4517-4198-B7E8-F8A670B43FA4}"
EndProject
Project("{FAE04EC0-301F-11D3-BF4B-00C04F79EFBC}") = "NARA.Common", "NARA.Common_p\NARA.Common.csproj", "{069E16A6-8609-42CB-A35C-FF122BA6C968}"
EndProject
Global
	GlobalSection(SolutionConfigurationPlatforms) = preSolution
		Ad-Hoc|Any CPU = Ad-Hoc|Any CPU
		Ad-Hoc|ARM = Ad-Hoc|ARM
		Ad-Hoc|iPhone = Ad-Hoc|iPhone
		Ad-Hoc|iPhoneSimulator = Ad-Hoc|iPhoneSimulator
		Ad-Hoc|Mixed Platforms = Ad-Hoc|Mixed Platforms
		Ad-Hoc|x64 = Ad-Hoc|x64
		Ad-Hoc|x86 = Ad-Hoc|x86
		AppStore|Any CPU = AppStore|Any CPU
		AppStore|ARM = AppStore|ARM
		AppStore|iPhone = AppStore|iPhone
		AppStore|iPhoneSimulator = AppStore|iPhoneSimulator
		AppStore|Mixed Platforms = AppStore|Mixed Platforms
		AppStore|x64 = AppStore|x64
		AppStore|x86 = AppStore|x86
		Debug|Any CPU = Debug|Any CPU
		Debug|ARM = Debug|ARM
		Debug|iPhone = Debug|iPhone
		Debug|iPhoneSimulator = Debug|iPhoneSimulator
		Debug|Mixed Platforms = Debug|Mixed Platforms
		Debug|x64 = Debug|x64
		Debug|x86 = Debug|x86
		Release|Any CPU = Release|Any CPU
		Release|ARM = Release|ARM
		Release|iPhone = Release|iPhone
		Release|iPhoneSimulator = Release|iPhoneSimulator
		Release|Mixed Platforms = Release|Mixed Platforms
		Release|x64 = Release|x64
		Release|x86 = Release|x86
	EndGlobalSection
	GlobalSection(ProjectConfigurationPlatforms) = postSolution
		{607F6A10-EE6C-40A2-96A0-81149DB6B3E0}.Ad-Hoc|Any CPU.ActiveCfg = Release|Any CPU
		{607F6A10-EE6C-40A2-96A0-81149DB6B3E0}.Ad-Hoc|Any CPU.Build.0 = Release|Any CPU
		{607F6A10-EE6C-40A2-96A0-81149DB6B3E0}.Ad-Hoc|Any CPU.Deploy.0 = Release|Any CPU
		{607F6A10-EE6C-40A2-96A0-81149DB6B3E0}.Ad-Hoc|ARM.ActiveCfg = Release|Any CPU
		{607F6A10-EE6C-40A2-96A0-81149DB6B3E0}.Ad-Hoc|iPhone.ActiveCfg = Release|Any CPU
		{607F6A10-EE6C-40A2-96A0-81149DB6B3E0}.Ad-Hoc|iPhoneSimulator.ActiveCfg = Release|Any CPU
		{607F6A10-EE6C-40A2-96A0-81149DB6B3E0}.Ad-Hoc|Mixed Platforms.ActiveCfg = Release|Any CPU
		{607F6A10-EE6C-40A2-96A0-81149DB6B3E0}.Ad-Hoc|Mixed Platforms.Build.0 = Release|Any CPU
		{607F6A10-EE6C-40A2-96A0-81149DB6B3E0}.Ad-Hoc|Mixed Platforms.Deploy.0 = Release|Any CPU
		{607F6A10-EE6C-40A2-96A0-81149DB6B3E0}.Ad-Hoc|x64.ActiveCfg = Release|Any CPU
		{607F6A10-EE6C-40A2-96A0-81149DB6B3E0}.Ad-Hoc|x86.ActiveCfg = Release|Any CPU
		{607F6A10-EE6C-40A2-96A0-81149DB6B3E0}.AppStore|Any CPU.ActiveCfg = Release|Any CPU
		{607F6A10-EE6C-40A2-96A0-81149DB6B3E0}.AppStore|Any CPU.Build.0 = Release|Any CPU
		{607F6A10-EE6C-40A2-96A0-81149DB6B3E0}.AppStore|Any CPU.Deploy.0 = Release|Any CPU
		{607F6A10-EE6C-40A2-96A0-81149DB6B3E0}.AppStore|ARM.ActiveCfg = Release|Any CPU
		{607F6A10-EE6C-40A2-96A0-81149DB6B3E0}.AppStore|iPhone.ActiveCfg = Release|Any CPU
		{607F6A10-EE6C-40A2-96A0-81149DB6B3E0}.AppStore|iPhoneSimulator.ActiveCfg = Release|Any CPU
		{607F6A10-EE6C-40A2-96A0-81149DB6B3E0}.AppStore|Mixed Platforms.ActiveCfg = Release|Any CPU
		{607F6A10-EE6C-40A2-96A0-81149DB6B3E0}.AppStore|Mixed Platforms.Build.0 = Release|Any CPU
		{607F6A10-EE6C-40A2-96A0-81149DB6B3E0}.AppStore|Mixed Platforms.Deploy.0 = Release|Any CPU
		{607F6A10-EE6C-40A2-96A0-81149DB6B3E0}.AppStore|x64.ActiveCfg = Release|Any CPU
		{607F6A10-EE6C-40A2-96A0-81149DB6B3E0}.AppStore|x86.ActiveCfg = Release|Any CPU
		{607F6A10-EE6C-40A2-96A0-81149DB6B3E0}.Debug|Any CPU.ActiveCfg = Debug|Any CPU
		{607F6A10-EE6C-40A2-96A0-81149DB6B3E0}.Debug|Any CPU.Build.0 = Debug|Any CPU
		{607F6A10-EE6C-40A2-96A0-81149DB6B3E0}.Debug|Any CPU.Deploy.0 = Debug|Any CPU
		{607F6A10-EE6C-40A2-96A0-81149DB6B3E0}.Debug|ARM.ActiveCfg = Debug|Any CPU
		{607F6A10-EE6C-40A2-96A0-81149DB6B3E0}.Debug|iPhone.ActiveCfg = Debug|Any CPU
		{607F6A10-EE6C-40A2-96A0-81149DB6B3E0}.Debug|iPhoneSimulator.ActiveCfg = Debug|Any CPU
		{607F6A10-EE6C-40A2-96A0-81149DB6B3E0}.Debug|Mixed Platforms.ActiveCfg = Debug|Any CPU
		{607F6A10-EE6C-40A2-96A0-81149DB6B3E0}.Debug|Mixed Platforms.Build.0 = Debug|Any CPU
		{607F6A10-EE6C-40A2-96A0-81149DB6B3E0}.Debug|Mixed Platforms.Deploy.0 = Debug|Any CPU
		{607F6A10-EE6C-40A2-96A0-81149DB6B3E0}.Debug|x64.ActiveCfg = Debug|Any CPU
		{607F6A10-EE6C-40A2-96A0-81149DB6B3E0}.Debug|x86.ActiveCfg = Debug|Any CPU
		{607F6A10-EE6C-40A2-96A0-81149DB6B3E0}.Release|Any CPU.ActiveCfg = Release|Any CPU
		{607F6A10-EE6C-40A2-96A0-81149DB6B3E0}.Release|Any CPU.Build.0 = Release|Any CPU
		{607F6A10-EE6C-40A2-96A0-81149DB6B3E0}.Release|Any CPU.Deploy.0 = Release|Any CPU
		{607F6A10-EE6C-40A2-96A0-81149DB6B3E0}.Release|ARM.ActiveCfg = Release|Any CPU
		{607F6A10-EE6C-40A2-96A0-81149DB6B3E0}.Release|iPhone.ActiveCfg = Release|Any CPU
		{607F6A10-EE6C-40A2-96A0-81149DB6B3E0}.Release|iPhoneSimulator.ActiveCfg = Release|Any CPU
		{607F6A10-EE6C-40A2-96A0-81149DB6B3E0}.Release|Mixed Platforms.ActiveCfg = Release|Any CPU
		{607F6A10-EE6C-40A2-96A0-81149DB6B3E0}.Release|Mixed Platforms.Build.0 = Release|Any CPU
		{607F6A10-EE6C-40A2-96A0-81149DB6B3E0}.Release|Mixed Platforms.Deploy.0 = Release|Any CPU
		{607F6A10-EE6C-40A2-96A0-81149DB6B3E0}.Release|x64.ActiveCfg = Release|Any CPU
		{607F6A10-EE6C-40A2-96A0-81149DB6B3E0}.Release|x86.ActiveCfg = Release|Any CPU
		{607F6A10-EE6C-40A2-96A0-81149DB6B3E0}.Release|x86.Build.0 = Release|Any CPU
		{607F6A10-EE6C-40A2-96A0-81149DB6B3E0}.Release|x86.Deploy.0 = Release|Any CPU
		{56D1C0E5-8045-4497-88B8-7A441761E613}.Ad-Hoc|Any CPU.ActiveCfg = Ad-Hoc|iPhone
		{56D1C0E5-8045-4497-88B8-7A441761E613}.Ad-Hoc|ARM.ActiveCfg = Ad-Hoc|iPhone
		{56D1C0E5-8045-4497-88B8-7A441761E613}.Ad-Hoc|iPhone.ActiveCfg = Ad-Hoc|iPhone
		{56D1C0E5-8045-4497-88B8-7A441761E613}.Ad-Hoc|iPhone.Build.0 = Ad-Hoc|iPhone
		{56D1C0E5-8045-4497-88B8-7A441761E613}.Ad-Hoc|iPhoneSimulator.ActiveCfg = Ad-Hoc|iPhoneSimulator
		{56D1C0E5-8045-4497-88B8-7A441761E613}.Ad-Hoc|iPhoneSimulator.Build.0 = Ad-Hoc|iPhoneSimulator
		{56D1C0E5-8045-4497-88B8-7A441761E613}.Ad-Hoc|Mixed Platforms.ActiveCfg = Ad-Hoc|iPhone
		{56D1C0E5-8045-4497-88B8-7A441761E613}.Ad-Hoc|Mixed Platforms.Build.0 = Ad-Hoc|iPhone
		{56D1C0E5-8045-4497-88B8-7A441761E613}.Ad-Hoc|x64.ActiveCfg = Ad-Hoc|iPhone
		{56D1C0E5-8045-4497-88B8-7A441761E613}.Ad-Hoc|x86.ActiveCfg = Ad-Hoc|iPhone
		{56D1C0E5-8045-4497-88B8-7A441761E613}.AppStore|Any CPU.ActiveCfg = AppStore|iPhone
		{56D1C0E5-8045-4497-88B8-7A441761E613}.AppStore|ARM.ActiveCfg = AppStore|iPhone
		{56D1C0E5-8045-4497-88B8-7A441761E613}.AppStore|iPhone.ActiveCfg = AppStore|iPhone
		{56D1C0E5-8045-4497-88B8-7A441761E613}.AppStore|iPhone.Build.0 = AppStore|iPhone
		{56D1C0E5-8045-4497-88B8-7A441761E613}.AppStore|iPhoneSimulator.ActiveCfg = AppStore|iPhoneSimulator
		{56D1C0E5-8045-4497-88B8-7A441761E613}.AppStore|iPhoneSimulator.Build.0 = AppStore|iPhoneSimulator
		{56D1C0E5-8045-4497-88B8-7A441761E613}.AppStore|Mixed Platforms.ActiveCfg = AppStore|iPhone
		{56D1C0E5-8045-4497-88B8-7A441761E613}.AppStore|Mixed Platforms.Build.0 = AppStore|iPhone
		{56D1C0E5-8045-4497-88B8-7A441761E613}.AppStore|x64.ActiveCfg = AppStore|iPhone
		{56D1C0E5-8045-4497-88B8-7A441761E613}.AppStore|x86.ActiveCfg = AppStore|iPhone
		{56D1C0E5-8045-4497-88B8-7A441761E613}.Debug|Any CPU.ActiveCfg = Debug|iPhone
		{56D1C0E5-8045-4497-88B8-7A441761E613}.Debug|ARM.ActiveCfg = Debug|iPhone
		{56D1C0E5-8045-4497-88B8-7A441761E613}.Debug|iPhone.ActiveCfg = Debug|iPhone
		{56D1C0E5-8045-4497-88B8-7A441761E613}.Debug|iPhone.Build.0 = Debug|iPhone
		{56D1C0E5-8045-4497-88B8-7A441761E613}.Debug|iPhone.Deploy.0 = Debug|iPhone
		{56D1C0E5-8045-4497-88B8-7A441761E613}.Debug|iPhoneSimulator.ActiveCfg = Debug|iPhoneSimulator
		{56D1C0E5-8045-4497-88B8-7A441761E613}.Debug|iPhoneSimulator.Build.0 = Debug|iPhoneSimulator
		{56D1C0E5-8045-4497-88B8-7A441761E613}.Debug|Mixed Platforms.ActiveCfg = Debug|iPhone
		{56D1C0E5-8045-4497-88B8-7A441761E613}.Debug|Mixed Platforms.Build.0 = Debug|iPhone
		{56D1C0E5-8045-4497-88B8-7A441761E613}.Debug|x64.ActiveCfg = Debug|iPhone
		{56D1C0E5-8045-4497-88B8-7A441761E613}.Debug|x86.ActiveCfg = Debug|iPhone
		{56D1C0E5-8045-4497-88B8-7A441761E613}.Release|Any CPU.ActiveCfg = Release|iPhone
		{56D1C0E5-8045-4497-88B8-7A441761E613}.Release|ARM.ActiveCfg = Release|iPhone
		{56D1C0E5-8045-4497-88B8-7A441761E613}.Release|iPhone.ActiveCfg = Release|iPhone
		{56D1C0E5-8045-4497-88B8-7A441761E613}.Release|iPhone.Build.0 = Release|iPhone
		{56D1C0E5-8045-4497-88B8-7A441761E613}.Release|iPhoneSimulator.ActiveCfg = Release|iPhoneSimulator
		{56D1C0E5-8045-4497-88B8-7A441761E613}.Release|iPhoneSimulator.Build.0 = Release|iPhoneSimulator
		{56D1C0E5-8045-4497-88B8-7A441761E613}.Release|Mixed Platforms.ActiveCfg = Release|iPhone
		{56D1C0E5-8045-4497-88B8-7A441761E613}.Release|Mixed Platforms.Build.0 = Release|iPhone
		{56D1C0E5-8045-4497-88B8-7A441761E613}.Release|x64.ActiveCfg = Release|iPhone
		{56D1C0E5-8045-4497-88B8-7A441761E613}.Release|x86.ActiveCfg = Release|iPhone
		{CDB626BC-0E75-4376-8281-CDEC269276FB}.Ad-Hoc|Any CPU.ActiveCfg = Release|Any CPU
		{CDB626BC-0E75-4376-8281-CDEC269276FB}.Ad-Hoc|Any CPU.Build.0 = Release|Any CPU
		{CDB626BC-0E75-4376-8281-CDEC269276FB}.Ad-Hoc|Any CPU.Deploy.0 = Release|Any CPU
		{CDB626BC-0E75-4376-8281-CDEC269276FB}.Ad-Hoc|ARM.ActiveCfg = Release|ARM
		{CDB626BC-0E75-4376-8281-CDEC269276FB}.Ad-Hoc|ARM.Build.0 = Release|ARM
		{CDB626BC-0E75-4376-8281-CDEC269276FB}.Ad-Hoc|ARM.Deploy.0 = Release|ARM
		{CDB626BC-0E75-4376-8281-CDEC269276FB}.Ad-Hoc|iPhone.ActiveCfg = Release|Any CPU
		{CDB626BC-0E75-4376-8281-CDEC269276FB}.Ad-Hoc|iPhoneSimulator.ActiveCfg = Release|Any CPU
		{CDB626BC-0E75-4376-8281-CDEC269276FB}.Ad-Hoc|Mixed Platforms.ActiveCfg = Release|x86
		{CDB626BC-0E75-4376-8281-CDEC269276FB}.Ad-Hoc|Mixed Platforms.Build.0 = Release|x86
		{CDB626BC-0E75-4376-8281-CDEC269276FB}.Ad-Hoc|Mixed Platforms.Deploy.0 = Release|x86
		{CDB626BC-0E75-4376-8281-CDEC269276FB}.Ad-Hoc|x64.ActiveCfg = Release|Any CPU
		{CDB626BC-0E75-4376-8281-CDEC269276FB}.Ad-Hoc|x86.ActiveCfg = Release|x86
		{CDB626BC-0E75-4376-8281-CDEC269276FB}.Ad-Hoc|x86.Build.0 = Release|x86
		{CDB626BC-0E75-4376-8281-CDEC269276FB}.Ad-Hoc|x86.Deploy.0 = Release|x86
		{CDB626BC-0E75-4376-8281-CDEC269276FB}.AppStore|Any CPU.ActiveCfg = Release|Any CPU
		{CDB626BC-0E75-4376-8281-CDEC269276FB}.AppStore|Any CPU.Build.0 = Release|Any CPU
		{CDB626BC-0E75-4376-8281-CDEC269276FB}.AppStore|Any CPU.Deploy.0 = Release|Any CPU
		{CDB626BC-0E75-4376-8281-CDEC269276FB}.AppStore|ARM.ActiveCfg = Release|ARM
		{CDB626BC-0E75-4376-8281-CDEC269276FB}.AppStore|ARM.Build.0 = Release|ARM
		{CDB626BC-0E75-4376-8281-CDEC269276FB}.AppStore|ARM.Deploy.0 = Release|ARM
		{CDB626BC-0E75-4376-8281-CDEC269276FB}.AppStore|iPhone.ActiveCfg = Release|Any CPU
		{CDB626BC-0E75-4376-8281-CDEC269276FB}.AppStore|iPhoneSimulator.ActiveCfg = Release|Any CPU
		{CDB626BC-0E75-4376-8281-CDEC269276FB}.AppStore|Mixed Platforms.ActiveCfg = Release|x86
		{CDB626BC-0E75-4376-8281-CDEC269276FB}.AppStore|Mixed Platforms.Build.0 = Release|x86
		{CDB626BC-0E75-4376-8281-CDEC269276FB}.AppStore|Mixed Platforms.Deploy.0 = Release|x86
		{CDB626BC-0E75-4376-8281-CDEC269276FB}.AppStore|x64.ActiveCfg = Release|Any CPU
		{CDB626BC-0E75-4376-8281-CDEC269276FB}.AppStore|x86.ActiveCfg = Release|x86
		{CDB626BC-0E75-4376-8281-CDEC269276FB}.AppStore|x86.Build.0 = Release|x86
		{CDB626BC-0E75-4376-8281-CDEC269276FB}.AppStore|x86.Deploy.0 = Release|x86
		{CDB626BC-0E75-4376-8281-CDEC269276FB}.Debug|Any CPU.ActiveCfg = Debug|Any CPU
		{CDB626BC-0E75-4376-8281-CDEC269276FB}.Debug|Any CPU.Build.0 = Debug|Any CPU
		{CDB626BC-0E75-4376-8281-CDEC269276FB}.Debug|Any CPU.Deploy.0 = Debug|Any CPU
		{CDB626BC-0E75-4376-8281-CDEC269276FB}.Debug|ARM.ActiveCfg = Debug|ARM
		{CDB626BC-0E75-4376-8281-CDEC269276FB}.Debug|ARM.Build.0 = Debug|ARM
		{CDB626BC-0E75-4376-8281-CDEC269276FB}.Debug|ARM.Deploy.0 = Debug|ARM
		{CDB626BC-0E75-4376-8281-CDEC269276FB}.Debug|iPhone.ActiveCfg = Debug|Any CPU
		{CDB626BC-0E75-4376-8281-CDEC269276FB}.Debug|iPhoneSimulator.ActiveCfg = Debug|Any CPU
		{CDB626BC-0E75-4376-8281-CDEC269276FB}.Debug|Mixed Platforms.ActiveCfg = Debug|x86
		{CDB626BC-0E75-4376-8281-CDEC269276FB}.Debug|Mixed Platforms.Build.0 = Debug|x86
		{CDB626BC-0E75-4376-8281-CDEC269276FB}.Debug|Mixed Platforms.Deploy.0 = Debug|x86
		{CDB626BC-0E75-4376-8281-CDEC269276FB}.Debug|x64.ActiveCfg = Debug|Any CPU
		{CDB626BC-0E75-4376-8281-CDEC269276FB}.Debug|x86.ActiveCfg = Debug|x86
		{CDB626BC-0E75-4376-8281-CDEC269276FB}.Debug|x86.Build.0 = Debug|x86
		{CDB626BC-0E75-4376-8281-CDEC269276FB}.Debug|x86.Deploy.0 = Debug|x86
		{CDB626BC-0E75-4376-8281-CDEC269276FB}.Release|Any CPU.ActiveCfg = Release|Any CPU
		{CDB626BC-0E75-4376-8281-CDEC269276FB}.Release|Any CPU.Build.0 = Release|Any CPU
		{CDB626BC-0E75-4376-8281-CDEC269276FB}.Release|Any CPU.Deploy.0 = Release|Any CPU
		{CDB626BC-0E75-4376-8281-CDEC269276FB}.Release|ARM.ActiveCfg = Release|ARM
		{CDB626BC-0E75-4376-8281-CDEC269276FB}.Release|ARM.Build.0 = Release|ARM
		{CDB626BC-0E75-4376-8281-CDEC269276FB}.Release|ARM.Deploy.0 = Release|ARM
		{CDB626BC-0E75-4376-8281-CDEC269276FB}.Release|iPhone.ActiveCfg = Release|Any CPU
		{CDB626BC-0E75-4376-8281-CDEC269276FB}.Release|iPhoneSimulator.ActiveCfg = Release|Any CPU
		{CDB626BC-0E75-4376-8281-CDEC269276FB}.Release|Mixed Platforms.ActiveCfg = Release|x86
		{CDB626BC-0E75-4376-8281-CDEC269276FB}.Release|Mixed Platforms.Build.0 = Release|x86
		{CDB626BC-0E75-4376-8281-CDEC269276FB}.Release|Mixed Platforms.Deploy.0 = Release|x86
		{CDB626BC-0E75-4376-8281-CDEC269276FB}.Release|x64.ActiveCfg = Release|Any CPU
		{CDB626BC-0E75-4376-8281-CDEC269276FB}.Release|x86.ActiveCfg = Release|x86
		{CDB626BC-0E75-4376-8281-CDEC269276FB}.Release|x86.Build.0 = Release|x86
		{CDB626BC-0E75-4376-8281-CDEC269276FB}.Release|x86.Deploy.0 = Release|x86
		{8A316995-19BE-4A6A-A178-03A944039C16}.Ad-Hoc|Any CPU.ActiveCfg = Release|Any CPU
		{8A316995-19BE-4A6A-A178-03A944039C16}.Ad-Hoc|Any CPU.Build.0 = Release|Any CPU
		{8A316995-19BE-4A6A-A178-03A944039C16}.Ad-Hoc|Any CPU.Deploy.0 = Release|Any CPU
		{8A316995-19BE-4A6A-A178-03A944039C16}.Ad-Hoc|ARM.ActiveCfg = Release|ARM
		{8A316995-19BE-4A6A-A178-03A944039C16}.Ad-Hoc|ARM.Build.0 = Release|ARM
		{8A316995-19BE-4A6A-A178-03A944039C16}.Ad-Hoc|ARM.Deploy.0 = Release|ARM
		{8A316995-19BE-4A6A-A178-03A944039C16}.Ad-Hoc|iPhone.ActiveCfg = Release|Any CPU
		{8A316995-19BE-4A6A-A178-03A944039C16}.Ad-Hoc|iPhoneSimulator.ActiveCfg = Release|Any CPU
		{8A316995-19BE-4A6A-A178-03A944039C16}.Ad-Hoc|Mixed Platforms.ActiveCfg = Release|x86
		{8A316995-19BE-4A6A-A178-03A944039C16}.Ad-Hoc|Mixed Platforms.Build.0 = Release|x86
		{8A316995-19BE-4A6A-A178-03A944039C16}.Ad-Hoc|Mixed Platforms.Deploy.0 = Release|x86
		{8A316995-19BE-4A6A-A178-03A944039C16}.Ad-Hoc|x64.ActiveCfg = Release|x64
		{8A316995-19BE-4A6A-A178-03A944039C16}.Ad-Hoc|x64.Build.0 = Release|x64
		{8A316995-19BE-4A6A-A178-03A944039C16}.Ad-Hoc|x64.Deploy.0 = Release|x64
		{8A316995-19BE-4A6A-A178-03A944039C16}.Ad-Hoc|x86.ActiveCfg = Release|x86
		{8A316995-19BE-4A6A-A178-03A944039C16}.Ad-Hoc|x86.Build.0 = Release|x86
		{8A316995-19BE-4A6A-A178-03A944039C16}.Ad-Hoc|x86.Deploy.0 = Release|x86
		{8A316995-19BE-4A6A-A178-03A944039C16}.AppStore|Any CPU.ActiveCfg = Release|Any CPU
		{8A316995-19BE-4A6A-A178-03A944039C16}.AppStore|Any CPU.Build.0 = Release|Any CPU
		{8A316995-19BE-4A6A-A178-03A944039C16}.AppStore|Any CPU.Deploy.0 = Release|Any CPU
		{8A316995-19BE-4A6A-A178-03A944039C16}.AppStore|ARM.ActiveCfg = Release|ARM
		{8A316995-19BE-4A6A-A178-03A944039C16}.AppStore|ARM.Build.0 = Release|ARM
		{8A316995-19BE-4A6A-A178-03A944039C16}.AppStore|ARM.Deploy.0 = Release|ARM
		{8A316995-19BE-4A6A-A178-03A944039C16}.AppStore|iPhone.ActiveCfg = Release|Any CPU
		{8A316995-19BE-4A6A-A178-03A944039C16}.AppStore|iPhoneSimulator.ActiveCfg = Release|Any CPU
		{8A316995-19BE-4A6A-A178-03A944039C16}.AppStore|Mixed Platforms.ActiveCfg = Release|x86
		{8A316995-19BE-4A6A-A178-03A944039C16}.AppStore|Mixed Platforms.Build.0 = Release|x86
		{8A316995-19BE-4A6A-A178-03A944039C16}.AppStore|Mixed Platforms.Deploy.0 = Release|x86
		{8A316995-19BE-4A6A-A178-03A944039C16}.AppStore|x64.ActiveCfg = Release|x64
		{8A316995-19BE-4A6A-A178-03A944039C16}.AppStore|x64.Build.0 = Release|x64
		{8A316995-19BE-4A6A-A178-03A944039C16}.AppStore|x64.Deploy.0 = Release|x64
		{8A316995-19BE-4A6A-A178-03A944039C16}.AppStore|x86.ActiveCfg = Release|x86
		{8A316995-19BE-4A6A-A178-03A944039C16}.AppStore|x86.Build.0 = Release|x86
		{8A316995-19BE-4A6A-A178-03A944039C16}.AppStore|x86.Deploy.0 = Release|x86
		{8A316995-19BE-4A6A-A178-03A944039C16}.Debug|Any CPU.ActiveCfg = Debug|Any CPU
		{8A316995-19BE-4A6A-A178-03A944039C16}.Debug|Any CPU.Build.0 = Debug|Any CPU
		{8A316995-19BE-4A6A-A178-03A944039C16}.Debug|Any CPU.Deploy.0 = Debug|Any CPU
		{8A316995-19BE-4A6A-A178-03A944039C16}.Debug|ARM.ActiveCfg = Debug|ARM
		{8A316995-19BE-4A6A-A178-03A944039C16}.Debug|ARM.Build.0 = Debug|ARM
		{8A316995-19BE-4A6A-A178-03A944039C16}.Debug|ARM.Deploy.0 = Debug|ARM
		{8A316995-19BE-4A6A-A178-03A944039C16}.Debug|iPhone.ActiveCfg = Debug|Any CPU
		{8A316995-19BE-4A6A-A178-03A944039C16}.Debug|iPhoneSimulator.ActiveCfg = Debug|Any CPU
		{8A316995-19BE-4A6A-A178-03A944039C16}.Debug|Mixed Platforms.ActiveCfg = Debug|x86
		{8A316995-19BE-4A6A-A178-03A944039C16}.Debug|Mixed Platforms.Build.0 = Debug|x86
		{8A316995-19BE-4A6A-A178-03A944039C16}.Debug|Mixed Platforms.Deploy.0 = Debug|x86
		{8A316995-19BE-4A6A-A178-03A944039C16}.Debug|x64.ActiveCfg = Debug|x64
		{8A316995-19BE-4A6A-A178-03A944039C16}.Debug|x64.Build.0 = Debug|x64
		{8A316995-19BE-4A6A-A178-03A944039C16}.Debug|x64.Deploy.0 = Debug|x64
		{8A316995-19BE-4A6A-A178-03A944039C16}.Debug|x86.ActiveCfg = Debug|x86
		{8A316995-19BE-4A6A-A178-03A944039C16}.Debug|x86.Build.0 = Debug|x86
		{8A316995-19BE-4A6A-A178-03A944039C16}.Debug|x86.Deploy.0 = Debug|x86
		{8A316995-19BE-4A6A-A178-03A944039C16}.Release|Any CPU.ActiveCfg = Release|Any CPU
		{8A316995-19BE-4A6A-A178-03A944039C16}.Release|Any CPU.Build.0 = Release|Any CPU
		{8A316995-19BE-4A6A-A178-03A944039C16}.Release|Any CPU.Deploy.0 = Release|Any CPU
		{8A316995-19BE-4A6A-A178-03A944039C16}.Release|ARM.ActiveCfg = Release|ARM
		{8A316995-19BE-4A6A-A178-03A944039C16}.Release|ARM.Build.0 = Release|ARM
		{8A316995-19BE-4A6A-A178-03A944039C16}.Release|ARM.Deploy.0 = Release|ARM
		{8A316995-19BE-4A6A-A178-03A944039C16}.Release|iPhone.ActiveCfg = Release|Any CPU
		{8A316995-19BE-4A6A-A178-03A944039C16}.Release|iPhoneSimulator.ActiveCfg = Release|Any CPU
		{8A316995-19BE-4A6A-A178-03A944039C16}.Release|Mixed Platforms.ActiveCfg = Release|x86
		{8A316995-19BE-4A6A-A178-03A944039C16}.Release|Mixed Platforms.Build.0 = Release|x86
		{8A316995-19BE-4A6A-A178-03A944039C16}.Release|Mixed Platforms.Deploy.0 = Release|x86
		{8A316995-19BE-4A6A-A178-03A944039C16}.Release|x64.ActiveCfg = Release|x64
		{8A316995-19BE-4A6A-A178-03A944039C16}.Release|x64.Build.0 = Release|x64
		{8A316995-19BE-4A6A-A178-03A944039C16}.Release|x64.Deploy.0 = Release|x64
		{8A316995-19BE-4A6A-A178-03A944039C16}.Release|x86.ActiveCfg = Release|x86
		{8A316995-19BE-4A6A-A178-03A944039C16}.Release|x86.Build.0 = Release|x86
		{8A316995-19BE-4A6A-A178-03A944039C16}.Release|x86.Deploy.0 = Release|x86
		{0F661DC5-4517-4198-B7E8-F8A670B43FA4}.Ad-Hoc|Any CPU.ActiveCfg = Release|Any CPU
		{0F661DC5-4517-4198-B7E8-F8A670B43FA4}.Ad-Hoc|Any CPU.Build.0 = Release|Any CPU
		{0F661DC5-4517-4198-B7E8-F8A670B43FA4}.Ad-Hoc|ARM.ActiveCfg = Release|Any CPU
		{0F661DC5-4517-4198-B7E8-F8A670B43FA4}.Ad-Hoc|iPhone.ActiveCfg = Release|Any CPU
		{0F661DC5-4517-4198-B7E8-F8A670B43FA4}.Ad-Hoc|iPhone.Build.0 = Release|Any CPU
		{0F661DC5-4517-4198-B7E8-F8A670B43FA4}.Ad-Hoc|iPhoneSimulator.ActiveCfg = Release|Any CPU
		{0F661DC5-4517-4198-B7E8-F8A670B43FA4}.Ad-Hoc|iPhoneSimulator.Build.0 = Release|Any CPU
		{0F661DC5-4517-4198-B7E8-F8A670B43FA4}.Ad-Hoc|Mixed Platforms.ActiveCfg = Release|Any CPU
		{0F661DC5-4517-4198-B7E8-F8A670B43FA4}.Ad-Hoc|Mixed Platforms.Build.0 = Release|Any CPU
		{0F661DC5-4517-4198-B7E8-F8A670B43FA4}.Ad-Hoc|x64.ActiveCfg = Release|Any CPU
		{0F661DC5-4517-4198-B7E8-F8A670B43FA4}.Ad-Hoc|x86.ActiveCfg = Release|Any CPU
		{0F661DC5-4517-4198-B7E8-F8A670B43FA4}.AppStore|Any CPU.ActiveCfg = Release|Any CPU
		{0F661DC5-4517-4198-B7E8-F8A670B43FA4}.AppStore|Any CPU.Build.0 = Release|Any CPU
		{0F661DC5-4517-4198-B7E8-F8A670B43FA4}.AppStore|ARM.ActiveCfg = Release|Any CPU
		{0F661DC5-4517-4198-B7E8-F8A670B43FA4}.AppStore|iPhone.ActiveCfg = Release|Any CPU
		{0F661DC5-4517-4198-B7E8-F8A670B43FA4}.AppStore|iPhone.Build.0 = Release|Any CPU
		{0F661DC5-4517-4198-B7E8-F8A670B43FA4}.AppStore|iPhoneSimulator.ActiveCfg = Release|Any CPU
		{0F661DC5-4517-4198-B7E8-F8A670B43FA4}.AppStore|iPhoneSimulator.Build.0 = Release|Any CPU
		{0F661DC5-4517-4198-B7E8-F8A670B43FA4}.AppStore|Mixed Platforms.ActiveCfg = Release|Any CPU
		{0F661DC5-4517-4198-B7E8-F8A670B43FA4}.AppStore|Mixed Platforms.Build.0 = Release|Any CPU
		{0F661DC5-4517-4198-B7E8-F8A670B43FA4}.AppStore|x64.ActiveCfg = Release|Any CPU
		{0F661DC5-4517-4198-B7E8-F8A670B43FA4}.AppStore|x86.ActiveCfg = Release|Any CPU
		{0F661DC5-4517-4198-B7E8-F8A670B43FA4}.Debug|Any CPU.ActiveCfg = Debug|Any CPU
		{0F661DC5-4517-4198-B7E8-F8A670B43FA4}.Debug|Any CPU.Build.0 = Debug|Any CPU
		{0F661DC5-4517-4198-B7E8-F8A670B43FA4}.Debug|ARM.ActiveCfg = Debug|Any CPU
		{0F661DC5-4517-4198-B7E8-F8A670B43FA4}.Debug|iPhone.ActiveCfg = Debug|Any CPU
		{0F661DC5-4517-4198-B7E8-F8A670B43FA4}.Debug|iPhone.Build.0 = Debug|Any CPU
		{0F661DC5-4517-4198-B7E8-F8A670B43FA4}.Debug|iPhoneSimulator.ActiveCfg = Debug|Any CPU
		{0F661DC5-4517-4198-B7E8-F8A670B43FA4}.Debug|iPhoneSimulator.Build.0 = Debug|Any CPU
		{0F661DC5-4517-4198-B7E8-F8A670B43FA4}.Debug|Mixed Platforms.ActiveCfg = Debug|Any CPU
		{0F661DC5-4517-4198-B7E8-F8A670B43FA4}.Debug|Mixed Platforms.Build.0 = Debug|Any CPU
		{0F661DC5-4517-4198-B7E8-F8A670B43FA4}.Debug|x64.ActiveCfg = Debug|Any CPU
		{0F661DC5-4517-4198-B7E8-F8A670B43FA4}.Debug|x86.ActiveCfg = Debug|Any CPU
		{0F661DC5-4517-4198-B7E8-F8A670B43FA4}.Release|Any CPU.ActiveCfg = Release|Any CPU
		{0F661DC5-4517-4198-B7E8-F8A670B43FA4}.Release|Any CPU.Build.0 = Release|Any CPU
		{0F661DC5-4517-4198-B7E8-F8A670B43FA4}.Release|ARM.ActiveCfg = Release|Any CPU
		{0F661DC5-4517-4198-B7E8-F8A670B43FA4}.Release|iPhone.ActiveCfg = Release|Any CPU
		{0F661DC5-4517-4198-B7E8-F8A670B43FA4}.Release|iPhone.Build.0 = Release|Any CPU
		{0F661DC5-4517-4198-B7E8-F8A670B43FA4}.Release|iPhoneSimulator.ActiveCfg = Release|Any CPU
		{0F661DC5-4517-4198-B7E8-F8A670B43FA4}.Release|iPhoneSimulator.Build.0 = Release|Any CPU
		{0F661DC5-4517-4198-B7E8-F8A670B43FA4}.Release|Mixed Platforms.ActiveCfg = Release|Any CPU
		{0F661DC5-4517-4198-B7E8-F8A670B43FA4}.Release|Mixed Platforms.Build.0 = Release|Any CPU
		{0F661DC5-4517-4198-B7E8-F8A670B43FA4}.Release|x64.ActiveCfg = Release|Any CPU
		{0F661DC5-4517-4198-B7E8-F8A670B43FA4}.Release|x86.ActiveCfg = Release|Any CPU
		{069E16A6-8609-42CB-A35C-FF122BA6C968}.Ad-Hoc|Any CPU.ActiveCfg = Release|Any CPU
		{069E16A6-8609-42CB-A35C-FF122BA6C968}.Ad-Hoc|Any CPU.Build.0 = Release|Any CPU
		{069E16A6-8609-42CB-A35C-FF122BA6C968}.Ad-Hoc|ARM.ActiveCfg = Release|Any CPU
		{069E16A6-8609-42CB-A35C-FF122BA6C968}.Ad-Hoc|iPhone.ActiveCfg = Release|Any CPU
		{069E16A6-8609-42CB-A35C-FF122BA6C968}.Ad-Hoc|iPhoneSimulator.ActiveCfg = Release|Any CPU
		{069E16A6-8609-42CB-A35C-FF122BA6C968}.Ad-Hoc|Mixed Platforms.ActiveCfg = Release|Any CPU
		{069E16A6-8609-42CB-A35C-FF122BA6C968}.Ad-Hoc|Mixed Platforms.Build.0 = Release|Any CPU
		{069E16A6-8609-42CB-A35C-FF122BA6C968}.Ad-Hoc|x64.ActiveCfg = Release|Any CPU
		{069E16A6-8609-42CB-A35C-FF122BA6C968}.Ad-Hoc|x86.ActiveCfg = Release|Any CPU
		{069E16A6-8609-42CB-A35C-FF122BA6C968}.AppStore|Any CPU.ActiveCfg = Release|Any CPU
		{069E16A6-8609-42CB-A35C-FF122BA6C968}.AppStore|Any CPU.Build.0 = Release|Any CPU
		{069E16A6-8609-42CB-A35C-FF122BA6C968}.AppStore|ARM.ActiveCfg = Release|Any CPU
		{069E16A6-8609-42CB-A35C-FF122BA6C968}.AppStore|iPhone.ActiveCfg = Release|Any CPU
		{069E16A6-8609-42CB-A35C-FF122BA6C968}.AppStore|iPhoneSimulator.ActiveCfg = Release|Any CPU
		{069E16A6-8609-42CB-A35C-FF122BA6C968}.AppStore|Mixed Platforms.ActiveCfg = Release|Any CPU
		{069E16A6-8609-42CB-A35C-FF122BA6C968}.AppStore|Mixed Platforms.Build.0 = Release|Any CPU
		{069E16A6-8609-42CB-A35C-FF122BA6C968}.AppStore|x64.ActiveCfg = Release|Any CPU
		{069E16A6-8609-42CB-A35C-FF122BA6C968}.AppStore|x86.ActiveCfg = Release|Any CPU
		{069E16A6-8609-42CB-A35C-FF122BA6C968}.Debug|Any CPU.ActiveCfg = Debug|Any CPU
		{069E16A6-8609-42CB-A35C-FF122BA6C968}.Debug|Any CPU.Build.0 = Debug|Any CPU
		{069E16A6-8609-42CB-A35C-FF122BA6C968}.Debug|ARM.ActiveCfg = Debug|Any CPU
		{069E16A6-8609-42CB-A35C-FF122BA6C968}.Debug|iPhone.ActiveCfg = Debug|Any CPU
		{069E16A6-8609-42CB-A35C-FF122BA6C968}.Debug|iPhoneSimulator.ActiveCfg = Debug|Any CPU
		{069E16A6-8609-42CB-A35C-FF122BA6C968}.Debug|Mixed Platforms.ActiveCfg = Debug|Any CPU
		{069E16A6-8609-42CB-A35C-FF122BA6C968}.Debug|Mixed Platforms.Build.0 = Debug|Any CPU
		{069E16A6-8609-42CB-A35C-FF122BA6C968}.Debug|x64.ActiveCfg = Debug|Any CPU
		{069E16A6-8609-42CB-A35C-FF122BA6C968}.Debug|x86.ActiveCfg = Debug|Any CPU
		{069E16A6-8609-42CB-A35C-FF122BA6C968}.Release|Any CPU.ActiveCfg = Release|Any CPU
		{069E16A6-8609-42CB-A35C-FF122BA6C968}.Release|Any CPU.Build.0 = Release|Any CPU
		{069E16A6-8609-42CB-A35C-FF122BA6C968}.Release|ARM.ActiveCfg = Release|Any CPU
		{069E16A6-8609-42CB-A35C-FF122BA6C968}.Release|iPhone.ActiveCfg = Release|Any CPU
		{069E16A6-8609-42CB-A35C-FF122BA6C968}.Release|iPhoneSimulator.ActiveCfg = Release|Any CPU
		{069E16A6-8609-42CB-A35C-FF122BA6C968}.Release|Mixed Platforms.ActiveCfg = Release|Any CPU
		{069E16A6-8609-42CB-A35C-FF122BA6C968}.Release|Mixed Platforms.Build.0 = Release|Any CPU
		{069E16A6-8609-42CB-A35C-FF122BA6C968}.Release|x64.ActiveCfg = Release|Any CPU
		{069E16A6-8609-42CB-A35C-FF122BA6C968}.Release|x86.ActiveCfg = Release|Any CPU
	EndGlobalSection
	GlobalSection(SolutionProperties) = preSolution
		HideSolutionNode = FALSE
	EndGlobalSection
EndGlobal
